
Microsoft Visual Studio Solution File, Format Version 12.00
Project("{FAE04EC0-301F-11D3-BF4B-00C04F79EFBC}") = "CSA-FS24-Battleship", "CSA-FS24-Battleship\CSA-FS24-Battleship.csproj", "{366A5A61-9338-4859-8572-8E0092234C6E}"
EndProject
Project("{FAE04EC0-301F-11D3-BF4B-00C04F79EFBC}") = "Explorer700Library", "Explorer700Library\Explorer700Library.csproj", "{769B7A6E-5F68-494E-9705-A33333A818FF}"
EndProject
Project("{FAE04EC0-301F-11D3-BF4B-00C04F79EFBC}") = "HttpServer", "HttpServer\HttpServer.csproj", "{95488295-D9FE-412C-B18E-C310D42854FD}"
EndProject
Global
	GlobalSection(SolutionConfigurationPlatforms) = preSolution
		Debug|Any CPU = Debug|Any CPU
		Release|Any CPU = Release|Any CPU
	EndGlobalSection
	GlobalSection(ProjectConfigurationPlatforms) = postSolution
		{366A5A61-9338-4859-8572-8E0092234C6E}.Debug|Any CPU.ActiveCfg = Debug|Any CPU
		{366A5A61-9338-4859-8572-8E0092234C6E}.Debug|Any CPU.Build.0 = Debug|Any CPU
		{366A5A61-9338-4859-8572-8E0092234C6E}.Release|Any CPU.ActiveCfg = Release|Any CPU
		{366A5A61-9338-4859-8572-8E0092234C6E}.Release|Any CPU.Build.0 = Release|Any CPU
		{769B7A6E-5F68-494E-9705-A33333A818FF}.Debug|Any CPU.ActiveCfg = Debug|Any CPU
		{769B7A6E-5F68-494E-9705-A33333A818FF}.Debug|Any CPU.Build.0 = Debug|Any CPU
		{769B7A6E-5F68-494E-9705-A33333A818FF}.Release|Any CPU.ActiveCfg = Release|Any CPU
		{769B7A6E-5F68-494E-9705-A33333A818FF}.Release|Any CPU.Build.0 = Release|Any CPU
		{95488295-D9FE-412C-B18E-C310D42854FD}.Debug|Any CPU.ActiveCfg = Debug|Any CPU
		{95488295-D9FE-412C-B18E-C310D42854FD}.Debug|Any CPU.Build.0 = Debug|Any CPU
		{95488295-D9FE-412C-B18E-C310D42854FD}.Release|Any CPU.ActiveCfg = Release|Any CPU
		{95488295-D9FE-412C-B18E-C310D42854FD}.Release|Any CPU.Build.0 = Release|Any CPU
	EndGlobalSection
EndGlobal
